
Microsoft Visual Studio Solution File, Format Version 12.00
# Visual Studio Version 17
VisualStudioVersion = 17.4.32804.182
MinimumVisualStudioVersion = 10.0.40219.1
Project("{FAE04EC0-301F-11D3-BF4B-00C04F79EFBC}") = "Agenda_v1.ConsolaInterfaz", "AgendaContacto\Agenda_v1.ConsolaInterfaz.csproj", "{1E34810E-D8C4-4FA7-8521-CAA8476A6BE3}"
EndProject
Project("{FAE04EC0-301F-11D3-BF4B-00C04F79EFBC}") = "Agenda_v1.Dominio", "Agenda_v1.Entidades\Agenda_v1.Dominio.csproj", "{69564C1F-29E5-49F0-8C79-1A0290E6FAF9}"
EndProject
Global
	GlobalSection(SolutionConfigurationPlatforms) = preSolution
		Debug|Any CPU = Debug|Any CPU
		Release|Any CPU = Release|Any CPU
	EndGlobalSection
	GlobalSection(ProjectConfigurationPlatforms) = postSolution
		{1E34810E-D8C4-4FA7-8521-CAA8476A6BE3}.Debug|Any CPU.ActiveCfg = Debug|Any CPU
		{1E34810E-D8C4-4FA7-8521-CAA8476A6BE3}.Debug|Any CPU.Build.0 = Debug|Any CPU
		{1E34810E-D8C4-4FA7-8521-CAA8476A6BE3}.Release|Any CPU.ActiveCfg = Release|Any CPU
		{1E34810E-D8C4-4FA7-8521-CAA8476A6BE3}.Release|Any CPU.Build.0 = Release|Any CPU
		{69564C1F-29E5-49F0-8C79-1A0290E6FAF9}.Debug|Any CPU.ActiveCfg = Debug|Any CPU
		{69564C1F-29E5-49F0-8C79-1A0290E6FAF9}.Debug|Any CPU.Build.0 = Debug|Any CPU
		{69564C1F-29E5-49F0-8C79-1A0290E6FAF9}.Release|Any CPU.ActiveCfg = Release|Any CPU
		{69564C1F-29E5-49F0-8C79-1A0290E6FAF9}.Release|Any CPU.Build.0 = Release|Any CPU
	EndGlobalSection
	GlobalSection(SolutionProperties) = preSolution
		HideSolutionNode = FALSE
	EndGlobalSection
	GlobalSection(ExtensibilityGlobals) = postSolution
		SolutionGuid = {B7BE8D6E-70A8-42DA-9E45-CCC7C3246F71}
	EndGlobalSection
EndGlobal
